
Microsoft Visual Studio Solution File, Format Version 12.00
# Visual Studio Version 17
VisualStudioVersion = 17.4.33110.190
MinimumVisualStudioVersion = 10.0.40219.1
Project("{FAE04EC0-301F-11D3-BF4B-00C04F79EFBC}") = "ej3 Bootstrap", "ej3 Bootstrap.csproj", "{CA9C3603-00B7-4B21-9A53-804FFE66768E}"
EndProject
Global
	GlobalSection(SolutionConfigurationPlatforms) = preSolution
		Debug|Any CPU = Debug|Any CPU
		Release|Any CPU = Release|Any CPU
	EndGlobalSection
	GlobalSection(ProjectConfigurationPlatforms) = postSolution
		{CA9C3603-00B7-4B21-9A53-804FFE66768E}.Debug|Any CPU.ActiveCfg = Debug|Any CPU
		{CA9C3603-00B7-4B21-9A53-804FFE66768E}.Debug|Any CPU.Build.0 = Debug|Any CPU
		{CA9C3603-00B7-4B21-9A53-804FFE66768E}.Release|Any CPU.ActiveCfg = Release|Any CPU
		{CA9C3603-00B7-4B21-9A53-804FFE66768E}.Release|Any CPU.Build.0 = Release|Any CPU
	EndGlobalSection
	GlobalSection(SolutionProperties) = preSolution
		HideSolutionNode = FALSE
	EndGlobalSection
	GlobalSection(ExtensibilityGlobals) = postSolution
		SolutionGuid = {9F5BFE1F-FE74-4A5E-ACD2-03C9BB6D5A51}
	EndGlobalSection
EndGlobal
